// !$*UTF8*$!
{
	archiveVersion = 1;
	classes = {
	};
	objectVersion = 46;
	objects = {

/* Begin PBXBuildFile section */
		407B5B7E1C58987200C42823 /* main.m in Sources */ = {isa = PBXBuildFile; fileRef = 407B5B7D1C58987200C42823 /* main.m */; };
		407B5B811C58987200C42823 /* AppDelegate.m in Sources */ = {isa = PBXBuildFile; fileRef = 407B5B801C58987200C42823 /* AppDelegate.m */; };
		407B5B841C58987200C42823 /* ViewController.m in Sources */ = {isa = PBXBuildFile; fileRef = 407B5B831C58987200C42823 /* ViewController.m */; };
		407B5B871C58987200C42823 /* Main.storyboard in Resources */ = {isa = PBXBuildFile; fileRef = 407B5B851C58987200C42823 /* Main.storyboard */; };
		407B5B891C58987200C42823 /* Assets.xcassets in Resources */ = {isa = PBXBuildFile; fileRef = 407B5B881C58987200C42823 /* Assets.xcassets */; };
		407B5B8C1C58987200C42823 /* LaunchScreen.storyboard in Resources */ = {isa = PBXBuildFile; fileRef = 407B5B8A1C58987200C42823 /* LaunchScreen.storyboard */; };
		407B5B941C589A8C00C42823 /* buyao.wav in Resources */ = {isa = PBXBuildFile; fileRef = 407B5B931C589A8C00C42823 /* buyao.wav */; };
/* End PBXBuildFile section */

/* Begin PBXFileReference section */
		407B5B791C58987200C42823 /* pushNotifications.app */ = {isa = PBXFileReference; explicitFileType = wrapper.application; includeInIndex = 0; path = pushNotifications.app; sourceTree = BUILT_PRODUCTS_DIR; };
		407B5B7D1C58987200C42823 /* main.m */ = {isa = PBXFileReference; lastKnownFileType = sourcecode.c.objc; path = main.m; sourceTree = "<group>"; };
		407B5B7F1C58987200C42823 /* AppDelegate.h */ = {isa = PBXFileReference; lastKnownFileType = sourcecode.c.h; path = AppDelegate.h; sourceTree = "<group>"; };
		407B5B801C58987200C42823 /* AppDelegate.m */ = {isa = PBXFileReference; lastKnownFileType = sourcecode.c.objc; path = AppDelegate.m; sourceTree = "<group>"; };
		407B5B821C58987200C42823 /* ViewController.h */ = {isa = PBXFileReference; lastKnownFileType = sourcecode.c.h; path = ViewController.h; sourceTree = "<group>"; };
		407B5B831C58987200C42823 /* ViewController.m */ = {isa = PBXFileReference; lastKnownFileType = sourcecode.c.objc; path = ViewController.m; sourceTree = "<group>"; };
		407B5B861C58987200C42823 /* Base */ = {isa = PBXFileReference; lastKnownFileType = file.storyboard; name = Base; path = Base.lproj/Main.storyboard; sourceTree = "<group>"; };
		407B5B881C58987200C42823 /* Assets.xcassets */ = {isa = PBXFileReference; lastKnownFileType = folder.assetcatalog; path = Assets.xcassets; sourceTree = "<group>"; };
		407B5B8B1C58987200C42823 /* Base */ = {isa = PBXFileReference; lastKnownFileType = file.storyboard; name = Base; path = Base.lproj/LaunchScreen.storyboard; sourceTree = "<group>"; };
		407B5B8D1C58987200C42823 /* Info.plist */ = {isa = PBXFileReference; lastKnownFileType = text.plist.xml; path = Info.plist; sourceTree = "<group>"; };
		407B5B931C589A8C00C42823 /* buyao.wav */ = {isa = PBXFileReference; lastKnownFileType = audio.wav; path = buyao.wav; sourceTree = "<group>"; };
/* End PBXFileReference section */

/* Begin PBXFrameworksBuildPhase section */
		407B5B761C58987200C42823 /* Frameworks */ = {
			isa = PBXFrameworksBuildPhase;
			buildActionMask = 2147483647;
			files = (
			);
			runOnlyForDeploymentPostprocessing = 0;
		};
/* End PBXFrameworksBuildPhase section */

/* Begin PBXGroup section */
		407B5B701C58987200C42823 = {
			isa = PBXGroup;
			children = (
				407B5B7B1C58987200C42823 /* pushNotifications */,
				407B5B7A1C58987200C42823 /* Products */,
			);
			sourceTree = "<group>";
		};
		407B5B7A1C58987200C42823 /* Products */ = {
			isa = PBXGroup;
			children = (
				407B5B791C58987200C42823 /* pushNotifications.app */,
			);
			name = Products;
			sourceTree = "<group>";
		};
		407B5B7B1C58987200C42823 /* pushNotifications */ = {
			isa = PBXGroup;
			children = (
				407B5B7F1C58987200C42823 /* AppDelegate.h */,
				407B5B801C58987200C42823 /* AppDelegate.m */,
				407B5B821C58987200C42823 /* ViewController.h */,
				407B5B831C58987200C42823 /* ViewController.m */,
				407B5B851C58987200C42823 /* Main.storyboard */,
				407B5B881C58987200C42823 /* Assets.xcassets */,
				407B5B8A1C58987200C42823 /* LaunchScreen.storyboard */,
				407B5B8D1C58987200C42823 /* Info.plist */,
				407B5B7C1C58987200C42823 /* Supporting Files */,
			);
			path = pushNotifications;
			sourceTree = "<group>";
		};
		407B5B7C1C58987200C42823 /* Supporting Files */ = {
			isa = PBXGroup;
			children = (
				407B5B931C589A8C00C42823 /* buyao.wav */,
				407B5B7D1C58987200C42823 /* main.m */,
			);
			name = "Supporting Files";
			sourceTree = "<group>";
		};
/* End PBXGroup section */

/* Begin PBXNativeTarget section */
		407B5B781C58987200C42823 /* pushNotifications */ = {
			isa = PBXNativeTarget;
			buildConfigurationList = 407B5B901C58987200C42823 /* Build configuration list for PBXNativeTarget "pushNotifications" */;
			buildPhases = (
				407B5B751C58987200C42823 /* Sources */,
				407B5B761C58987200C42823 /* Frameworks */,
				407B5B771C58987200C42823 /* Resources */,
			);
			buildRules = (
			);
			dependencies = (
			);
			name = pushNotifications;
			productName = pushNotifications;
			productReference = 407B5B791C58987200C42823 /* pushNotifications.app */;
			productType = "com.apple.product-type.application";
		};
/* End PBXNativeTarget section */

/* Begin PBXProject section */
		407B5B711C58987200C42823 /* Project object */ = {
			isa = PBXProject;
			attributes = {
				LastUpgradeCheck = 0720;
				ORGANIZATIONNAME = LoveQiuYi;
				TargetAttributes = {
					407B5B781C58987200C42823 = {
						CreatedOnToolsVersion = 7.2;
						DevelopmentTeam = 3YFQ27M4GA;
					};
				};
			};
			buildConfigurationList = 407B5B741C58987200C42823 /* Build configuration list for PBXProject "pushNotifications" */;
			compatibilityVersion = "Xcode 3.2";
			developmentRegion = English;
			hasScannedForEncodings = 0;
			knownRegions = (
				en,
				Base,
			);
			mainGroup = 407B5B701C58987200C42823;
			productRefGroup = 407B5B7A1C58987200C42823 /* Products */;
			projectDirPath = "";
			projectRoot = "";
			targets = (
				407B5B781C58987200C42823 /* pushNotifications */,
			);
		};
/* End PBXProject section */

/* Begin PBXResourcesBuildPhase section */
		407B5B771C58987200C42823 /* Resources */ = {
			isa = PBXResourcesBuildPhase;
			buildActionMask = 2147483647;
			files = (
				407B5B8C1C58987200C42823 /* LaunchScreen.storyboard in Resources */,
				407B5B941C589A8C00C42823 /* buyao.wav in Resources */,
				407B5B891C58987200C42823 /* Assets.xcassets in Resources */,
				407B5B871C58987200C42823 /* Main.storyboard in Resources */,
			);
			runOnlyForDeploymentPostprocessing = 0;
		};
/* End PBXResourcesBuildPhase section */

/* Begin PBXSourcesBuildPhase section */
		407B5B751C58987200C42823 /* Sources */ = {
			isa = PBXSourcesBuildPhase;
			buildActionMask = 2147483647;
			files = (
				407B5B841C58987200C42823 /* ViewController.m in Sources */,
				407B5B811C58987200C42823 /* AppDelegate.m in Sources */,
				407B5B7E1C58987200C42823 /* main.m in Sources */,
			);
			runOnlyForDeploymentPostprocessing = 0;
		};
/* End PBXSourcesBuildPhase section */

/* Begin PBXVariantGroup section */
		407B5B851C58987200C42823 /* Main.storyboard */ = {
			isa = PBXVariantGroup;
			children = (
				407B5B861C58987200C42823 /* Base */,
			);
			name = Main.storyboard;
			sourceTree = "<group>";
		};
		407B5B8A1C58987200C42823 /* LaunchScreen.storyboard */ = {
			isa = PBXVariantGroup;
			children = (
				407B5B8B1C58987200C42823 /* Base */,
			);
			name = LaunchScreen.storyboard;
			sourceTree = "<group>";
		};
/* End PBXVariantGroup section */

/* Begin XCBuildConfiguration section */
		407B5B8E1C58987200C42823 /* Debug */ = {
			isa = XCBuildConfiguration;
			buildSettings = {
				ALWAYS_SEARCH_USER_PATHS = NO;
				CLANG_CXX_LANGUAGE_STANDARD = "gnu++0x";
				CLANG_CXX_LIBRARY = "libc++";
				CLANG_ENABLE_MODULES = YES;
				CLANG_ENABLE_OBJC_ARC = YES;
				CLANG_WARN_BOOL_CONVERSION = YES;
				CLANG_WARN_CONSTANT_CONVERSION = YES;
				CLANG_WARN_DIRECT_OBJC_ISA_USAGE = YES_ERROR;
				CLANG_WARN_EMPTY_BODY = YES;
				CLANG_WARN_ENUM_CONVERSION = YES;
				CLANG_WARN_INT_CONVERSION = YES;
				CLANG_WARN_OBJC_ROOT_CLASS = YES_ERROR;
				CLANG_WARN_UNREACHABLE_CODE = YES;
				CLANG_WARN__DUPLICATE_METHOD_MATCH = YES;
				"CODE_SIGN_IDENTITY[sdk=iphoneos*]" = "iPhone Developer";
				COPY_PHASE_STRIP = NO;
				DEBUG_INFORMATION_FORMAT = dwarf;
				ENABLE_STRICT_OBJC_MSGSEND = YES;
				ENABLE_TESTABILITY = YES;
				GCC_C_LANGUAGE_STANDARD = gnu99;
				GCC_DYNAMIC_NO_PIC = NO;
				GCC_NO_COMMON_BLOCKS = YES;
				GCC_OPTIMIZATION_LEVEL = 0;
				GCC_PREPROCESSOR_DEFINITIONS = (
					"DEBUG=1",
					"$(inherited)",
				);
				GCC_WARN_64_TO_32_BIT_CONVERSION = YES;
				GCC_WARN_ABOUT_RETURN_TYPE = YES_ERROR;
				GCC_WARN_UNDECLARED_SELECTOR = YES;
				GCC_WARN_UNINITIALIZED_AUTOS = YES_AGGRESSIVE;
				GCC_WARN_UNUSED_FUNCTION = YES;
				GCC_WARN_UNUSED_VARIABLE = YES;
				IPHONEOS_DEPLOYMENT_TARGET = 9.2;
				MTL_ENABLE_DEBUG_INFO = YES;
				ONLY_ACTIVE_ARCH = YES;
				SDKROOT = iphoneos;
			};
			name = Debug;
		};
		407B5B8F1C58987200C42823 /* Release */ = {
			isa = XCBuildConfiguration;
			buildSettings = {
				ALWAYS_SEARCH_USER_PATHS = NO;
				CLANG_CXX_LANGUAGE_STANDARD = "gnu++0x";
				CLANG_CXX_LIBRARY = "libc++";
				CLANG_ENABLE_MODULES = YES;
				CLANG_ENABLE_OBJC_ARC = YES;
				CLANG_WARN_BOOL_CONVERSION = YES;
				CLANG_WARN_CONSTANT_CONVERSION = YES;
				CLANG_WARN_DIRECT_OBJC_ISA_USAGE = YES_ERROR;
				CLANG_WARN_EMPTY_BODY = YES;
				CLANG_WARN_ENUM_CONVERSION = YES;
				CLANG_WARN_INT_CONVERSION = YES;
				CLANG_WARN_OBJC_ROOT_CLASS = YES_ERROR;
				CLANG_WARN_UNREACHABLE_CODE = YES;
				CLANG_WARN__DUPLICATE_METHOD_MATCH = YES;
				"CODE_SIGN_IDENTITY[sdk=iphoneos*]" = "iPhone Developer";
				COPY_PHASE_STRIP = NO;
				DEBUG_INFORMATION_FORMAT = "dwarf-with-dsym";
				ENABLE_NS_ASSERTIONS = NO;
				ENABLE_STRICT_OBJC_MSGSEND = YES;
				GCC_C_LANGUAGE_STANDARD = gnu99;
				GCC_NO_COMMON_BLOCKS = YES;
				GCC_WARN_64_TO_32_BIT_CONVERSION = YES;
				GCC_WARN_ABOUT_RETURN_TYPE = YES_ERROR;
				GCC_WARN_UNDECLARED_SELECTOR = YES;
				GCC_WARN_UNINITIALIZED_AUTOS = YES_AGGRESSIVE;
				GCC_WARN_UNUSED_FUNCTION = YES;
				GCC_WARN_UNUSED_VARIABLE = YES;
				IPHONEOS_DEPLOYMENT_TARGET = 9.2;
				MTL_ENABLE_DEBUG_INFO = NO;
				SDKROOT = iphoneos;
				VALIDATE_PRODUCT = YES;
			};
			name = Release;
		};
		407B5B911C58987200C42823 /* Debug */ = {
			isa = XCBuildConfiguration;
			buildSettings = {
				ASSETCATALOG_COMPILER_APPICON_NAME = AppIcon;
				ASSETCATALOG_COMPILER_LAUNCHIMAGE_NAME = "Brand Assets";
				INFOPLIST_FILE = pushNotifications/Info.plist;
				LD_RUNPATH_SEARCH_PATHS = "$(inherited) @executable_path/Frameworks";
				PRODUCT_BUNDLE_IDENTIFIER = com.zhangxin.pushNotifications;
				PRODUCT_NAME = "$(TARGET_NAME)";
			};
			name = Debug;
		};
		407B5B921C58987200C42823 /* Release */ = {
			isa = XCBuildConfiguration;
			buildSettings = {
				ASSETCATALOG_COMPILER_APPICON_NAME = AppIcon;
				ASSETCATALOG_COMPILER_LAUNCHIMAGE_NAME = "Brand Assets";
				INFOPLIST_FILE = pushNotifications/Info.plist;
				LD_RUNPATH_SEARCH_PATHS = "$(inherited) @executable_path/Frameworks";
				PRODUCT_BUNDLE_IDENTIFIER = com.zhangxin.pushNotifications;
				PRODUCT_NAME = "$(TARGET_NAME)";
			};
			name = Release;
		};
/* End XCBuildConfiguration section */

/* Begin XCConfigurationList section */
		407B5B741C58987200C42823 /* Build configuration list for PBXProject "pushNotifications" */ = {
			isa = XCConfigurationList;
			buildConfigurations = (
				407B5B8E1C58987200C42823 /* Debug */,
				407B5B8F1C58987200C42823 /* Release */,
			);
			defaultConfigurationIsVisible = 0;
			defaultConfigurationName = Release;
		};
		407B5B901C58987200C42823 /* Build configuration list for PBXNativeTarget "pushNotifications" */ = {
			isa = XCConfigurationList;
			buildConfigurations = (
				407B5B911C58987200C42823 /* Debug */,
				407B5B921C58987200C42823 /* Release */,
			);
			defaultConfigurationIsVisible = 0;
		};
/* End XCConfigurationList section */
	};
	rootObject = 407B5B711C58987200C42823 /* Project object */;
}
